Microsoft Visual Studio Solution File, Format Version 12.00
# Visual Studio Version 17
VisualStudioVersion = 17.5.2.0
MinimumVisualStudioVersion = 10.0.40219.1
Project("{FAE04EC0-301F-11D3-BF4B-00C04F79EFBC}") = "SocialDilemmaLLMSimulation", "SocialDilemmaLLMSimulation.csproj", "{8747075B-5304-1C5F-000F-3E8624F3DA40}"
EndProject
Global
	GlobalSection(SolutionConfigurationPlatforms) = preSolution
		Debug|Any CPU = Debug|Any CPU
		Release|Any CPU = Release|Any CPU
	EndGlobalSection
	GlobalSection(ProjectConfigurationPlatforms) = postSolution
		{8747075B-5304-1C5F-000F-3E8624F3DA40}.Debug|Any CPU.ActiveCfg = Debug|Any CPU
		{8747075B-5304-1C5F-000F-3E8624F3DA40}.Debug|Any CPU.Build.0 = Debug|Any CPU
		{8747075B-5304-1C5F-000F-3E8624F3DA40}.Release|Any CPU.ActiveCfg = Release|Any CPU
		{8747075B-5304-1C5F-000F-3E8624F3DA40}.Release|Any CPU.Build.0 = Release|Any CPU
	EndGlobalSection
	GlobalSection(SolutionProperties) = preSolution
		HideSolutionNode = FALSE
	EndGlobalSection
	GlobalSection(ExtensibilityGlobals) = postSolution
		SolutionGuid = {44E1A2BC-E862-45E7-B745-48E362FA12BB}
	EndGlobalSection
EndGlobal
